// !$*UTF8*$!
{
	archiveVersion = 1;
	classes = {
	};
	objectVersion = 48;
	objects = {

/* Begin PBXBuildFile section */
		B908D972209637C400F8C7B5 /* ImagePickerController.swift in Sources */ = {isa = PBXBuildFile; fileRef = B908D970209637C300F8C7B5 /* ImagePickerController.swift */; };
		B908D973209637C400F8C7B5 /* ImageRow.swift in Sources */ = {isa = PBXBuildFile; fileRef = B908D971209637C400F8C7B5 /* ImageRow.swift */; };
		B9440F4B209170CA00AA77D1 /* FeedDetailVC.swift in Sources */ = {isa = PBXBuildFile; fileRef = B9440F45209170C900AA77D1 /* FeedDetailVC.swift */; };
		B9440F4C209170CA00AA77D1 /* FeedDetailOfferHeaderV.swift in Sources */ = {isa = PBXBuildFile; fileRef = B9440F47209170CA00AA77D1 /* FeedDetailOfferHeaderV.swift */; };
		B9440F4D209170CA00AA77D1 /* FeedDetailOfferImagePVC.swift in Sources */ = {isa = PBXBuildFile; fileRef = B9440F48209170CA00AA77D1 /* FeedDetailOfferImagePVC.swift */; };
		B9440F4E209170CA00AA77D1 /* FeedDetailOfferImageVC.swift in Sources */ = {isa = PBXBuildFile; fileRef = B9440F49209170CA00AA77D1 /* FeedDetailOfferImageVC.swift */; };
		B9440F4F209170CA00AA77D1 /* FeedDetailOfferImagePVCExtension.swift in Sources */ = {isa = PBXBuildFile; fileRef = B9440F4A209170CA00AA77D1 /* FeedDetailOfferImagePVCExtension.swift */; };
		B9440F5220933A6E00AA77D1 /* ProductFormVC.swift in Sources */ = {isa = PBXBuildFile; fileRef = B9440F5120933A6E00AA77D1 /* ProductFormVC.swift */; };
		B9440F542093786600AA77D1 /* ServiceFormVC.swift in Sources */ = {isa = PBXBuildFile; fileRef = B9440F532093786600AA77D1 /* ServiceFormVC.swift */; };
		B98D4FDE208D429400557418 /* DashboardVC.swift in Sources */ = {isa = PBXBuildFile; fileRef = B98D4FDD208D429400557418 /* DashboardVC.swift */; };
		B98D4FE0208D5B3000557418 /* Utilities.swift in Sources */ = {isa = PBXBuildFile; fileRef = B98D4FDF208D5B3000557418 /* Utilities.swift */; };
		B98D4FE2208D60D800557418 /* Dashboard.swift in Sources */ = {isa = PBXBuildFile; fileRef = B98D4FE1208D60D800557418 /* Dashboard.swift */; };
		B98D4FE4208D8D3900557418 /* MyOffer.swift in Sources */ = {isa = PBXBuildFile; fileRef = B98D4FE3208D8D3900557418 /* MyOffer.swift */; };
		B98D4FE6208DA0B300557418 /* DashboardTVCell.swift in Sources */ = {isa = PBXBuildFile; fileRef = B98D4FE5208DA0B300557418 /* DashboardTVCell.swift */; };
		B9CFBE6820716A7500E71FCE /* AppDelegate.swift in Sources */ = {isa = PBXBuildFile; fileRef = B9CFBE6720716A7500E71FCE /* AppDelegate.swift */; };
		B9CFBE6A20716A7500E71FCE /* FeedVC.swift in Sources */ = {isa = PBXBuildFile; fileRef = B9CFBE6920716A7500E71FCE /* FeedVC.swift */; };
		B9CFBE6D20716A7500E71FCE /* Main.storyboard in Resources */ = {isa = PBXBuildFile; fileRef = B9CFBE6B20716A7500E71FCE /* Main.storyboard */; };
		B9CFBE6F20716A7500E71FCE /* Assets.xcassets in Resources */ = {isa = PBXBuildFile; fileRef = B9CFBE6E20716A7500E71FCE /* Assets.xcassets */; };
		B9CFBE7220716A7500E71FCE /* LaunchScreen.storyboard in Resources */ = {isa = PBXBuildFile; fileRef = B9CFBE7020716A7500E71FCE /* LaunchScreen.storyboard */; };
		B9CFBE7A2071996F00E71FCE /* GoogleService-Info.plist in Resources */ = {isa = PBXBuildFile; fileRef = B9CFBE792071996F00E71FCE /* GoogleService-Info.plist */; };
		B9CFBE7E2071E3B000E71FCE /* FeedFilter.swift in Sources */ = {isa = PBXBuildFile; fileRef = B9CFBE7D2071E3B000E71FCE /* FeedFilter.swift */; };
		B9CFBE8020721A7700E71FCE /* roboto in Resources */ = {isa = PBXBuildFile; fileRef = B9CFBE7F20721A7600E71FCE /* roboto */; };
		B9CFBE872072203800E71FCE /* UILabelFontExtension.swift in Sources */ = {isa = PBXBuildFile; fileRef = B9CFBE862072203800E71FCE /* UILabelFontExtension.swift */; };
		B9CFBE892072206800E71FCE /* UITextViewFontExtension.swift in Sources */ = {isa = PBXBuildFile; fileRef = B9CFBE882072206800E71FCE /* UITextViewFontExtension.swift */; };
		B9EDBCE5207463E900039491 /* FeedTVCell.swift in Sources */ = {isa = PBXBuildFile; fileRef = B9EDBCE4207463E900039491 /* FeedTVCell.swift */; };
		B9EDBCE72074A70600039491 /* Offer.swift in Sources */ = {isa = PBXBuildFile; fileRef = B9EDBCE62074A70600039491 /* Offer.swift */; };
		B9EDBCE92074A72B00039491 /* Product.swift in Sources */ = {isa = PBXBuildFile; fileRef = B9EDBCE82074A72B00039491 /* Product.swift */; };
		B9EDBCEB2074A73200039491 /* Service.swift in Sources */ = {isa = PBXBuildFile; fileRef = B9EDBCEA2074A73200039491 /* Service.swift */; };
		B9EDBCED2074C52700039491 /* Feed.swift in Sources */ = {isa = PBXBuildFile; fileRef = B9EDBCEC2074C52700039491 /* Feed.swift */; };
		F1981C9B915A4A1B41301281 /* Pods_gotIt.framework in Frameworks */ = {isa = PBXBuildFile; fileRef = 8139B5BF4A2058243BC12D6B /* Pods_gotIt.framework */; };
/* End PBXBuildFile section */

/* Begin PBXFileReference section */
		1D43C83D2F8198011A6028E8 /* Pods-gotIt.release.xcconfig */ = {isa = PBXFileReference; includeInIndex = 1; lastKnownFileType = text.xcconfig; name = "Pods-gotIt.release.xcconfig"; path = "Pods/Target Support Files/Pods-gotIt/Pods-gotIt.release.xcconfig"; sourceTree = "<group>"; };
		8139B5BF4A2058243BC12D6B /* Pods_gotIt.framework */ = {isa = PBXFileReference; explicitFileType = wrapper.framework; includeInIndex = 0; path = Pods_gotIt.framework; sourceTree = BUILT_PRODUCTS_DIR; };
		B908D970209637C300F8C7B5 /* ImagePickerController.swift */ = {isa = PBXFileReference; fileEncoding = 4; lastKnownFileType = sourcecode.swift; path = ImagePickerController.swift; sourceTree = "<group>"; };
		B908D971209637C400F8C7B5 /* ImageRow.swift */ = {isa = PBXFileReference; fileEncoding = 4; lastKnownFileType = sourcecode.swift; path = ImageRow.swift; sourceTree = "<group>"; };
		B9440F45209170C900AA77D1 /* FeedDetailVC.swift */ = {isa = PBXFileReference; fileEncoding = 4; lastKnownFileType = sourcecode.swift; path = FeedDetailVC.swift; sourceTree = "<group>"; };
		B9440F47209170CA00AA77D1 /* FeedDetailOfferHeaderV.swift */ = {isa = PBXFileReference; fileEncoding = 4; lastKnownFileType = sourcecode.swift; path = FeedDetailOfferHeaderV.swift; sourceTree = "<group>"; };
		B9440F48209170CA00AA77D1 /* FeedDetailOfferImagePVC.swift */ = {isa = PBXFileReference; fileEncoding = 4; lastKnownFileType = sourcecode.swift; path = FeedDetailOfferImagePVC.swift; sourceTree = "<group>"; };
		B9440F49209170CA00AA77D1 /* FeedDetailOfferImageVC.swift */ = {isa = PBXFileReference; fileEncoding = 4; lastKnownFileType = sourcecode.swift; path = FeedDetailOfferImageVC.swift; sourceTree = "<group>"; };
		B9440F4A209170CA00AA77D1 /* FeedDetailOfferImagePVCExtension.swift */ = {isa = PBXFileReference; fileEncoding = 4; lastKnownFileType = sourcecode.swift; path = FeedDetailOfferImagePVCExtension.swift; sourceTree = "<group>"; };
		B9440F5120933A6E00AA77D1 /* ProductFormVC.swift */ = {isa = PBXFileReference; lastKnownFileType = sourcecode.swift; path = ProductFormVC.swift; sourceTree = "<group>"; };
		B9440F532093786600AA77D1 /* ServiceFormVC.swift */ = {isa = PBXFileReference; lastKnownFileType = sourcecode.swift; path = ServiceFormVC.swift; sourceTree = "<group>"; };
		B98D4FDD208D429400557418 /* DashboardVC.swift */ = {isa = PBXFileReference; lastKnownFileType = sourcecode.swift; path = DashboardVC.swift; sourceTree = "<group>"; };
		B98D4FDF208D5B3000557418 /* Utilities.swift */ = {isa = PBXFileReference; lastKnownFileType = sourcecode.swift; path = Utilities.swift; sourceTree = "<group>"; };
		B98D4FE1208D60D800557418 /* Dashboard.swift */ = {isa = PBXFileReference; lastKnownFileType = sourcecode.swift; path = Dashboard.swift; sourceTree = "<group>"; };
		B98D4FE3208D8D3900557418 /* MyOffer.swift */ = {isa = PBXFileReference; lastKnownFileType = sourcecode.swift; path = MyOffer.swift; sourceTree = "<group>"; };
		B98D4FE5208DA0B300557418 /* DashboardTVCell.swift */ = {isa = PBXFileReference; lastKnownFileType = sourcecode.swift; path = DashboardTVCell.swift; sourceTree = "<group>"; };
		B9CFBE6420716A7500E71FCE /* gotIt.app */ = {isa = PBXFileReference; explicitFileType = wrapper.application; includeInIndex = 0; path = gotIt.app; sourceTree = BUILT_PRODUCTS_DIR; };
		B9CFBE6720716A7500E71FCE /* AppDelegate.swift */ = {isa = PBXFileReference; lastKnownFileType = sourcecode.swift; path = AppDelegate.swift; sourceTree = "<group>"; };
		B9CFBE6920716A7500E71FCE /* FeedVC.swift */ = {isa = PBXFileReference; lastKnownFileType = sourcecode.swift; path = FeedVC.swift; sourceTree = "<group>"; };
		B9CFBE6C20716A7500E71FCE /* Base */ = {isa = PBXFileReference; lastKnownFileType = file.storyboard; name = Base; path = Base.lproj/Main.storyboard; sourceTree = "<group>"; };
		B9CFBE6E20716A7500E71FCE /* Assets.xcassets */ = {isa = PBXFileReference; lastKnownFileType = folder.assetcatalog; path = Assets.xcassets; sourceTree = "<group>"; };
		B9CFBE7120716A7500E71FCE /* Base */ = {isa = PBXFileReference; lastKnownFileType = file.storyboard; name = Base; path = Base.lproj/LaunchScreen.storyboard; sourceTree = "<group>"; };
		B9CFBE7320716A7500E71FCE /* Info.plist */ = {isa = PBXFileReference; lastKnownFileType = text.plist.xml; path = Info.plist; sourceTree = "<group>"; };
		B9CFBE792071996F00E71FCE /* GoogleService-Info.plist */ = {isa = PBXFileReference; fileEncoding = 4; lastKnownFileType = text.plist.xml; path = "GoogleService-Info.plist"; sourceTree = "<group>"; };
		B9CFBE7D2071E3B000E71FCE /* FeedFilter.swift */ = {isa = PBXFileReference; lastKnownFileType = sourcecode.swift; path = FeedFilter.swift; sourceTree = "<group>"; };
		B9CFBE7F20721A7600E71FCE /* roboto */ = {isa = PBXFileReference; lastKnownFileType = folder; path = roboto; sourceTree = "<group>"; };
		B9CFBE862072203800E71FCE /* UILabelFontExtension.swift */ = {isa = PBXFileReference; lastKnownFileType = sourcecode.swift; path = UILabelFontExtension.swift; sourceTree = "<group>"; };
		B9CFBE882072206800E71FCE /* UITextViewFontExtension.swift */ = {isa = PBXFileReference; lastKnownFileType = sourcecode.swift; path = UITextViewFontExtension.swift; sourceTree = "<group>"; };
		B9EDBCE4207463E900039491 /* FeedTVCell.swift */ = {isa = PBXFileReference; lastKnownFileType = sourcecode.swift; path = FeedTVCell.swift; sourceTree = "<group>"; };
		B9EDBCE62074A70600039491 /* Offer.swift */ = {isa = PBXFileReference; lastKnownFileType = sourcecode.swift; path = Offer.swift; sourceTree = "<group>"; };
		B9EDBCE82074A72B00039491 /* Product.swift */ = {isa = PBXFileReference; lastKnownFileType = sourcecode.swift; path = Product.swift; sourceTree = "<group>"; };
		B9EDBCEA2074A73200039491 /* Service.swift */ = {isa = PBXFileReference; lastKnownFileType = sourcecode.swift; path = Service.swift; sourceTree = "<group>"; };
		B9EDBCEC2074C52700039491 /* Feed.swift */ = {isa = PBXFileReference; lastKnownFileType = sourcecode.swift; path = Feed.swift; sourceTree = "<group>"; };
		CB09BEC265A365A0BEEF4249 /* Pods-gotIt.debug.xcconfig */ = {isa = PBXFileReference; includeInIndex = 1; lastKnownFileType = text.xcconfig; name = "Pods-gotIt.debug.xcconfig"; path = "Pods/Target Support Files/Pods-gotIt/Pods-gotIt.debug.xcconfig"; sourceTree = "<group>"; };
/* End PBXFileReference section */

/* Begin PBXFrameworksBuildPhase section */
		B9CFBE6120716A7500E71FCE /* Frameworks */ = {
			isa = PBXFrameworksBuildPhase;
			buildActionMask = 2147483647;
			files = (
				F1981C9B915A4A1B41301281 /* Pods_gotIt.framework in Frameworks */,
			);
			runOnlyForDeploymentPostprocessing = 0;
		};
/* End PBXFrameworksBuildPhase section */

/* Begin PBXGroup section */
		9EF27788B2AE3A8464FE6C72 /* Pods */ = {
			isa = PBXGroup;
			children = (
				CB09BEC265A365A0BEEF4249 /* Pods-gotIt.debug.xcconfig */,
				1D43C83D2F8198011A6028E8 /* Pods-gotIt.release.xcconfig */,
			);
			name = Pods;
			sourceTree = "<group>";
		};
		B908D96E209637A100F8C7B5 /* View */ = {
			isa = PBXGroup;
			children = (
				B908D96F209637AC00F8C7B5 /* Forms */,
			);
			path = View;
			sourceTree = "<group>";
		};
		B908D96F209637AC00F8C7B5 /* Forms */ = {
			isa = PBXGroup;
			children = (
				B908D970209637C300F8C7B5 /* ImagePickerController.swift */,
				B908D971209637C400F8C7B5 /* ImageRow.swift */,
			);
			path = Forms;
			sourceTree = "<group>";
		};
		B9440F2F20916ED500AA77D1 /* FeedDetail */ = {
			isa = PBXGroup;
			children = (
				B9440F46209170CA00AA77D1 /* Images */,
				B9440F45209170C900AA77D1 /* FeedDetailVC.swift */,
			);
			path = FeedDetail;
			sourceTree = "<group>";
		};
		B9440F46209170CA00AA77D1 /* Images */ = {
			isa = PBXGroup;
			children = (
				B9440F47209170CA00AA77D1 /* FeedDetailOfferHeaderV.swift */,
				B9440F48209170CA00AA77D1 /* FeedDetailOfferImagePVC.swift */,
				B9440F49209170CA00AA77D1 /* FeedDetailOfferImageVC.swift */,
				B9440F4A209170CA00AA77D1 /* FeedDetailOfferImagePVCExtension.swift */,
			);
			path = Images;
			sourceTree = "<group>";
		};
		B9440F50209339F600AA77D1 /* Forms */ = {
			isa = PBXGroup;
			children = (
				B9440F5120933A6E00AA77D1 /* ProductFormVC.swift */,
				B9440F532093786600AA77D1 /* ServiceFormVC.swift */,
			);
			path = Forms;
			sourceTree = "<group>";
		};
		B98D4FDA208D335C00557418 /* Dashboard */ = {
			isa = PBXGroup;
			children = (
				B9440F50209339F600AA77D1 /* Forms */,
				B98D4FDD208D429400557418 /* DashboardVC.swift */,
				B98D4FE5208DA0B300557418 /* DashboardTVCell.swift */,
			);
			path = Dashboard;
			sourceTree = "<group>";
		};
		B9CFBE5B20716A7500E71FCE = {
			isa = PBXGroup;
			children = (
				B9CFBE6620716A7500E71FCE /* gotIt */,
				B9CFBE6520716A7500E71FCE /* Products */,
				9EF27788B2AE3A8464FE6C72 /* Pods */,
				D7D52B5644C87CEDE481DC78 /* Frameworks */,
			);
			sourceTree = "<group>";
		};
		B9CFBE6520716A7500E71FCE /* Products */ = {
			isa = PBXGroup;
			children = (
				B9CFBE6420716A7500E71FCE /* gotIt.app */,
			);
			name = Products;
			sourceTree = "<group>";
		};
		B9CFBE6620716A7500E71FCE /* gotIt */ = {
			isa = PBXGroup;
			children = (
				B908D96E209637A100F8C7B5 /* View */,
				B9EDBCE22073EA6F00039491 /* Model */,
				B9CFBE792071996F00E71FCE /* GoogleService-Info.plist */,
				B9CFBE6720716A7500E71FCE /* AppDelegate.swift */,
				B9CFBE8120721E5200E71FCE /* Utilities */,
				B9CFBE7B2071E37100E71FCE /* ViewControllers */,
				B9CFBE6B20716A7500E71FCE /* Main.storyboard */,
				B9CFBE6E20716A7500E71FCE /* Assets.xcassets */,
				B9CFBE7020716A7500E71FCE /* LaunchScreen.storyboard */,
				B9CFBE7F20721A7600E71FCE /* roboto */,
				B9CFBE7320716A7500E71FCE /* Info.plist */,
			);
			path = gotIt;
			sourceTree = "<group>";
		};
		B9CFBE7B2071E37100E71FCE /* ViewControllers */ = {
			isa = PBXGroup;
			children = (
				B98D4FDA208D335C00557418 /* Dashboard */,
				B9440F2F20916ED500AA77D1 /* FeedDetail */,
				B9CFBE7C2071E38000E71FCE /* Feed */,
			);
			path = ViewControllers;
			sourceTree = "<group>";
		};
		B9CFBE7C2071E38000E71FCE /* Feed */ = {
			isa = PBXGroup;
			children = (
				B9CFBE6920716A7500E71FCE /* FeedVC.swift */,
				B9CFBE7D2071E3B000E71FCE /* FeedFilter.swift */,
				B9EDBCE4207463E900039491 /* FeedTVCell.swift */,
			);
			path = Feed;
			sourceTree = "<group>";
		};
		B9CFBE8120721E5200E71FCE /* Utilities */ = {
			isa = PBXGroup;
			children = (
				B98D4FDF208D5B3000557418 /* Utilities.swift */,
				B9CFBE842072201900E71FCE /* Fonts */,
			);
			path = Utilities;
			sourceTree = "<group>";
		};
		B9CFBE842072201900E71FCE /* Fonts */ = {
			isa = PBXGroup;
			children = (
				B9CFBE862072203800E71FCE /* UILabelFontExtension.swift */,
				B9CFBE882072206800E71FCE /* UITextViewFontExtension.swift */,
			);
			path = Fonts;
			sourceTree = "<group>";
		};
		B9EDBCE22073EA6F00039491 /* Model */ = {
			isa = PBXGroup;
			children = (
				B9EDBCE62074A70600039491 /* Offer.swift */,
				B98D4FE3208D8D3900557418 /* MyOffer.swift */,
				B9EDBCE82074A72B00039491 /* Product.swift */,
				B9EDBCEA2074A73200039491 /* Service.swift */,
				B9EDBCEC2074C52700039491 /* Feed.swift */,
				B98D4FE1208D60D800557418 /* Dashboard.swift */,
			);
			path = Model;
			sourceTree = "<group>";
		};
		D7D52B5644C87CEDE481DC78 /* Frameworks */ = {
			isa = PBXGroup;
			children = (
				8139B5BF4A2058243BC12D6B /* Pods_gotIt.framework */,
			);
			name = Frameworks;
			sourceTree = "<group>";
		};
/* End PBXGroup section */

/* Begin PBXNativeTarget section */
		B9CFBE6320716A7500E71FCE /* gotIt */ = {
			isa = PBXNativeTarget;
			buildConfigurationList = B9CFBE7620716A7500E71FCE /* Build configuration list for PBXNativeTarget "gotIt" */;
			buildPhases = (
				7A5A2BB355719BDDD0C1AE0C /* [CP] Check Pods Manifest.lock */,
				B9CFBE6020716A7500E71FCE /* Sources */,
				B9CFBE6120716A7500E71FCE /* Frameworks */,
				B9CFBE6220716A7500E71FCE /* Resources */,
				79A9B38429889DB86149F95E /* [CP] Embed Pods Frameworks */,
				517FFBF74691B61AFFCD1DCC /* [CP] Copy Pods Resources */,
			);
			buildRules = (
			);
			dependencies = (
			);
			name = gotIt;
			productName = gotIt;
			productReference = B9CFBE6420716A7500E71FCE /* gotIt.app */;
			productType = "com.apple.product-type.application";
		};
/* End PBXNativeTarget section */

/* Begin PBXProject section */
		B9CFBE5C20716A7500E71FCE /* Project object */ = {
			isa = PBXProject;
			attributes = {
				LastSwiftUpdateCheck = 0920;
				LastUpgradeCheck = 0920;
				ORGANIZATIONNAME = "Sergio Hernandez";
				TargetAttributes = {
					B9CFBE6320716A7500E71FCE = {
						CreatedOnToolsVersion = 9.2;
						ProvisioningStyle = Automatic;
					};
				};
			};
			buildConfigurationList = B9CFBE5F20716A7500E71FCE /* Build configuration list for PBXProject "gotIt" */;
			compatibilityVersion = "Xcode 8.0";
			developmentRegion = en;
			hasScannedForEncodings = 0;
			knownRegions = (
				en,
				Base,
			);
			mainGroup = B9CFBE5B20716A7500E71FCE;
			productRefGroup = B9CFBE6520716A7500E71FCE /* Products */;
			projectDirPath = "";
			projectRoot = "";
			targets = (
				B9CFBE6320716A7500E71FCE /* gotIt */,
			);
		};
/* End PBXProject section */

/* Begin PBXResourcesBuildPhase section */
		B9CFBE6220716A7500E71FCE /* Resources */ = {
			isa = PBXResourcesBuildPhase;
			buildActionMask = 2147483647;
			files = (
				B9CFBE8020721A7700E71FCE /* roboto in Resources */,
				B9CFBE7220716A7500E71FCE /* LaunchScreen.storyboard in Resources */,
				B9CFBE7A2071996F00E71FCE /* GoogleService-Info.plist in Resources */,
				B9CFBE6F20716A7500E71FCE /* Assets.xcassets in Resources */,
				B9CFBE6D20716A7500E71FCE /* Main.storyboard in Resources */,
			);
			runOnlyForDeploymentPostprocessing = 0;
		};
/* End PBXResourcesBuildPhase section */

/* Begin PBXShellScriptBuildPhase section */
		517FFBF74691B61AFFCD1DCC /* [CP] Copy Pods Resources */ = {
			isa = PBXShellScriptBuildPhase;
			buildActionMask = 2147483647;
			files = (
			);
			inputPaths = (
				"${SRCROOT}/Pods/Target Support Files/Pods-gotIt/Pods-gotIt-resources.sh",
				"${PODS_CONFIGURATION_BUILD_DIR}/FirebaseUI/FirebaseAuthUI.bundle",
				"${PODS_CONFIGURATION_BUILD_DIR}/FirebaseUI/FirebaseFacebookAuthUI.bundle",
				"${PODS_CONFIGURATION_BUILD_DIR}/FirebaseUI/FirebaseGoogleAuthUI.bundle",
				"${PODS_CONFIGURATION_BUILD_DIR}/FirebaseUI/FirebasePhoneAuthUI.bundle",
				"${PODS_CONFIGURATION_BUILD_DIR}/FirebaseUI/FirebaseTwitterAuthUI.bundle",
				"${PODS_ROOT}/GoogleMaps/Maps/Frameworks/GoogleMaps.framework/Resources/GoogleMaps.bundle",
				"${PODS_ROOT}/GoogleSignIn/Resources/GoogleSignIn.bundle",
				"${PODS_ROOT}/TwitterKit/iOS/TwitterKit.framework/TwitterKitResources.bundle",
				"${PODS_ROOT}/TwitterKit/iOS/TwitterKit.framework/TwitterShareExtensionUIResources.bundle",
			);
			name = "[CP] Copy Pods Resources";
			outputPaths = (
				"${TARGET_BUILD_DIR}/${UNLOCALIZED_RESOURCES_FOLDER_PATH}/FirebaseAuthUI.bundle",
				"${TARGET_BUILD_DIR}/${UNLOCALIZED_RESOURCES_FOLDER_PATH}/FirebaseFacebookAuthUI.bundle",
				"${TARGET_BUILD_DIR}/${UNLOCALIZED_RESOURCES_FOLDER_PATH}/FirebaseGoogleAuthUI.bundle",
				"${TARGET_BUILD_DIR}/${UNLOCALIZED_RESOURCES_FOLDER_PATH}/FirebasePhoneAuthUI.bundle",
				"${TARGET_BUILD_DIR}/${UNLOCALIZED_RESOURCES_FOLDER_PATH}/FirebaseTwitterAuthUI.bundle",
				"${TARGET_BUILD_DIR}/${UNLOCALIZED_RESOURCES_FOLDER_PATH}/GoogleMaps.bundle",
				"${TARGET_BUILD_DIR}/${UNLOCALIZED_RESOURCES_FOLDER_PATH}/GoogleSignIn.bundle",
				"${TARGET_BUILD_DIR}/${UNLOCALIZED_RESOURCES_FOLDER_PATH}/TwitterKitResources.bundle",
				"${TARGET_BUILD_DIR}/${UNLOCALIZED_RESOURCES_FOLDER_PATH}/TwitterShareExtensionUIResources.bundle",
			);
			runOnlyForDeploymentPostprocessing = 0;
			shellPath = /bin/sh;
			shellScript = "\"${SRCROOT}/Pods/Target Support Files/Pods-gotIt/Pods-gotIt-resources.sh\"\n";
			showEnvVarsInLog = 0;
		};
		79A9B38429889DB86149F95E /* [CP] Embed Pods Frameworks */ = {
			isa = PBXShellScriptBuildPhase;
			buildActionMask = 2147483647;
			files = (
			);
			inputPaths = (
				"${SRCROOT}/Pods/Target Support Files/Pods-gotIt/Pods-gotIt-frameworks.sh",
				"${BUILT_PRODUCTS_DIR}/Alamofire/Alamofire.framework",
				"${BUILT_PRODUCTS_DIR}/AlamofireImage/AlamofireImage.framework",
				"${BUILT_PRODUCTS_DIR}/Bolts/Bolts.framework",
				"${BUILT_PRODUCTS_DIR}/BoringSSL/openssl.framework",
				"${BUILT_PRODUCTS_DIR}/Eureka/Eureka.framework",
				"${BUILT_PRODUCTS_DIR}/FBSDKCoreKit/FBSDKCoreKit.framework",
				"${BUILT_PRODUCTS_DIR}/FBSDKLoginKit/FBSDKLoginKit.framework",
				"${BUILT_PRODUCTS_DIR}/FacebookCore/FacebookCore.framework",
				"${BUILT_PRODUCTS_DIR}/FacebookLogin/FacebookLogin.framework",
				"${BUILT_PRODUCTS_DIR}/GTMOAuth2/GTMOAuth2.framework",
				"${BUILT_PRODUCTS_DIR}/GTMSessionFetcher/GTMSessionFetcher.framework",
				"${BUILT_PRODUCTS_DIR}/GoogleToolboxForMac/GoogleToolboxForMac.framework",
				"${BUILT_PRODUCTS_DIR}/NHRangeSlider/NHRangeSlider.framework",
				"${BUILT_PRODUCTS_DIR}/Protobuf/Protobuf.framework",
				"${BUILT_PRODUCTS_DIR}/SDWebImage/SDWebImage.framework",
				"${PODS_ROOT}/TwitterCore/iOS/TwitterCore.framework",
				"${PODS_ROOT}/TwitterKit/iOS/TwitterKit.framework",
				"${BUILT_PRODUCTS_DIR}/gRPC/GRPCClient.framework",
				"${BUILT_PRODUCTS_DIR}/gRPC-Core/grpc.framework",
				"${BUILT_PRODUCTS_DIR}/gRPC-ProtoRPC/ProtoRPC.framework",
				"${BUILT_PRODUCTS_DIR}/gRPC-RxLibrary/RxLibrary.framework",
				"${BUILT_PRODUCTS_DIR}/leveldb-library/leveldb.framework",
				"${BUILT_PRODUCTS_DIR}/nanopb/nanopb.framework",
			);
			name = "[CP] Embed Pods Frameworks";
			outputPaths = (
				"${TARGET_BUILD_DIR}/${FRAMEWORKS_FOLDER_PATH}/Alamofire.framework",
				"${TARGET_BUILD_DIR}/${FRAMEWORKS_FOLDER_PATH}/AlamofireImage.framework",
				"${TARGET_BUILD_DIR}/${FRAMEWORKS_FOLDER_PATH}/Bolts.framework",
				"${TARGET_BUILD_DIR}/${FRAMEWORKS_FOLDER_PATH}/openssl.framework",
				"${TARGET_BUILD_DIR}/${FRAMEWORKS_FOLDER_PATH}/Eureka.framework",
				"${TARGET_BUILD_DIR}/${FRAMEWORKS_FOLDER_PATH}/FBSDKCoreKit.framework",
				"${TARGET_BUILD_DIR}/${FRAMEWORKS_FOLDER_PATH}/FBSDKLoginKit.framework",
				"${TARGET_BUILD_DIR}/${FRAMEWORKS_FOLDER_PATH}/FacebookCore.framework",
				"${TARGET_BUILD_DIR}/${FRAMEWORKS_FOLDER_PATH}/FacebookLogin.framework",
				"${TARGET_BUILD_DIR}/${FRAMEWORKS_FOLDER_PATH}/GTMOAuth2.framework",
				"${TARGET_BUILD_DIR}/${FRAMEWORKS_FOLDER_PATH}/GTMSessionFetcher.framework",
				"${TARGET_BUILD_DIR}/${FRAMEWORKS_FOLDER_PATH}/GoogleToolboxForMac.framework",
				"${TARGET_BUILD_DIR}/${FRAMEWORKS_FOLDER_PATH}/NHRangeSlider.framework",
				"${TARGET_BUILD_DIR}/${FRAMEWORKS_FOLDER_PATH}/Protobuf.framework",
				"${TARGET_BUILD_DIR}/${FRAMEWORKS_FOLDER_PATH}/SDWebImage.framework",
				"${TARGET_BUILD_DIR}/${FRAMEWORKS_FOLDER_PATH}/TwitterCore.framework",
				"${TARGET_BUILD_DIR}/${FRAMEWORKS_FOLDER_PATH}/TwitterKit.framework",
				"${TARGET_BUILD_DIR}/${FRAMEWORKS_FOLDER_PATH}/GRPCClient.framework",
				"${TARGET_BUILD_DIR}/${FRAMEWORKS_FOLDER_PATH}/grpc.framework",
				"${TARGET_BUILD_DIR}/${FRAMEWORKS_FOLDER_PATH}/ProtoRPC.framework",
				"${TARGET_BUILD_DIR}/${FRAMEWORKS_FOLDER_PATH}/RxLibrary.framework",
				"${TARGET_BUILD_DIR}/${FRAMEWORKS_FOLDER_PATH}/leveldb.framework",
				"${TARGET_BUILD_DIR}/${FRAMEWORKS_FOLDER_PATH}/nanopb.framework",
			);
			runOnlyForDeploymentPostprocessing = 0;
			shellPath = /bin/sh;
			shellScript = "\"${SRCROOT}/Pods/Target Support Files/Pods-gotIt/Pods-gotIt-frameworks.sh\"\n";
			showEnvVarsInLog = 0;
		};
		7A5A2BB355719BDDD0C1AE0C /* [CP] Check Pods Manifest.lock */ = {
			isa = PBXShellScriptBuildPhase;
			buildActionMask = 2147483647;
			files = (
			);
			inputPaths = (
				"${PODS_PODFILE_DIR_PATH}/Podfile.lock",
				"${PODS_ROOT}/Manifest.lock",
			);
			name = "[CP] Check Pods Manifest.lock";
			outputPaths = (
				"$(DERIVED_FILE_DIR)/Pods-gotIt-checkManifestLockResult.txt",
			);
			runOnlyForDeploymentPostprocessing = 0;
			shellPath = /bin/sh;
			shellScript = "diff \"${PODS_PODFILE_DIR_PATH}/Podfile.lock\" \"${PODS_ROOT}/Manifest.lock\" > /dev/null\nif [ $? != 0 ] ; then\n    # print error to STDERR\n    echo \"error: The sandbox is not in sync with the Podfile.lock. Run 'pod install' or update your CocoaPods installation.\" >&2\n    exit 1\nfi\n# This output is used by Xcode 'outputs' to avoid re-running this script phase.\necho \"SUCCESS\" > \"${SCRIPT_OUTPUT_FILE_0}\"\n";
			showEnvVarsInLog = 0;
		};
/* End PBXShellScriptBuildPhase section */

/* Begin PBXSourcesBuildPhase section */
		B9CFBE6020716A7500E71FCE /* Sources */ = {
			isa = PBXSourcesBuildPhase;
			buildActionMask = 2147483647;
			files = (
				B98D4FDE208D429400557418 /* DashboardVC.swift in Sources */,
				B98D4FE2208D60D800557418 /* Dashboard.swift in Sources */,
				B98D4FE6208DA0B300557418 /* DashboardTVCell.swift in Sources */,
				B9EDBCE72074A70600039491 /* Offer.swift in Sources */,
				B9EDBCED2074C52700039491 /* Feed.swift in Sources */,
				B908D972209637C400F8C7B5 /* ImagePickerController.swift in Sources */,
				B9EDBCE92074A72B00039491 /* Product.swift in Sources */,
				B9CFBE6A20716A7500E71FCE /* FeedVC.swift in Sources */,
				B9440F4B209170CA00AA77D1 /* FeedDetailVC.swift in Sources */,
				B9440F4E209170CA00AA77D1 /* FeedDetailOfferImageVC.swift in Sources */,
				B98D4FE4208D8D3900557418 /* MyOffer.swift in Sources */,
				B9CFBE892072206800E71FCE /* UITextViewFontExtension.swift in Sources */,
				B98D4FE0208D5B3000557418 /* Utilities.swift in Sources */,
				B9440F542093786600AA77D1 /* ServiceFormVC.swift in Sources */,
				B9CFBE7E2071E3B000E71FCE /* FeedFilter.swift in Sources */,
				B9440F4D209170CA00AA77D1 /* FeedDetailOfferImagePVC.swift in Sources */,
				B9440F5220933A6E00AA77D1 /* ProductFormVC.swift in Sources */,
				B9440F4F209170CA00AA77D1 /* FeedDetailOfferImagePVCExtension.swift in Sources */,
				B9440F4C209170CA00AA77D1 /* FeedDetailOfferHeaderV.swift in Sources */,
				B9EDBCEB2074A73200039491 /* Service.swift in Sources */,
				B908D973209637C400F8C7B5 /* ImageRow.swift in Sources */,
				B9EDBCE5207463E900039491 /* FeedTVCell.swift in Sources */,
				B9CFBE6820716A7500E71FCE /* AppDelegate.swift in Sources */,
				B9CFBE872072203800E71FCE /* UILabelFontExtension.swift in Sources */,
			);
			runOnlyForDeploymentPostprocessing = 0;
		};
/* End PBXSourcesBuildPhase section */

/* Begin PBXVariantGroup section */
		B9CFBE6B20716A7500E71FCE /* Main.storyboard */ = {
			isa = PBXVariantGroup;
			children = (
				B9CFBE6C20716A7500E71FCE /* Base */,
			);
			name = Main.storyboard;
			sourceTree = "<group>";
		};
		B9CFBE7020716A7500E71FCE /* LaunchScreen.storyboard */ = {
			isa = PBXVariantGroup;
			children = (
				B9CFBE7120716A7500E71FCE /* Base */,
			);
			name = LaunchScreen.storyboard;
			sourceTree = "<group>";
		};
/* End PBXVariantGroup section */

/* Begin XCBuildConfiguration section */
		B9CFBE7420716A7500E71FCE /* Debug */ = {
			isa = XCBuildConfiguration;
			buildSettings = {
				ALWAYS_SEARCH_USER_PATHS = NO;
				CLANG_ANALYZER_NONNULL = YES;
				CLANG_ANALYZER_NUMBER_OBJECT_CONVERSION = YES_AGGRESSIVE;
				CLANG_CXX_LANGUAGE_STANDARD = "gnu++14";
				CLANG_CXX_LIBRARY = "libc++";
				CLANG_ENABLE_MODULES = YES;
				CLANG_ENABLE_OBJC_ARC = YES;
				CLANG_WARN_BLOCK_CAPTURE_AUTORELEASING = YES;
				CLANG_WARN_BOOL_CONVERSION = YES;
				CLANG_WARN_COMMA = YES;
				CLANG_WARN_CONSTANT_CONVERSION = YES;
				CLANG_WARN_DIRECT_OBJC_ISA_USAGE = YES_ERROR;
				CLANG_WARN_DOCUMENTATION_COMMENTS = YES;
				CLANG_WARN_EMPTY_BODY = YES;
				CLANG_WARN_ENUM_CONVERSION = YES;
				CLANG_WARN_INFINITE_RECURSION = YES;
				CLANG_WARN_INT_CONVERSION = YES;
				CLANG_WARN_NON_LITERAL_NULL_CONVERSION = YES;
				CLANG_WARN_OBJC_LITERAL_CONVERSION = YES;
				CLANG_WARN_OBJC_ROOT_CLASS = YES_ERROR;
				CLANG_WARN_RANGE_LOOP_ANALYSIS = YES;
				CLANG_WARN_STRICT_PROTOTYPES = YES;
				CLANG_WARN_SUSPICIOUS_MOVE = YES;
				CLANG_WARN_UNGUARDED_AVAILABILITY = YES_AGGRESSIVE;
				CLANG_WARN_UNREACHABLE_CODE = YES;
				CLANG_WARN__DUPLICATE_METHOD_MATCH = YES;
				CODE_SIGN_IDENTITY = "iPhone Developer";
				COPY_PHASE_STRIP = NO;
				DEBUG_INFORMATION_FORMAT = dwarf;
				ENABLE_STRICT_OBJC_MSGSEND = YES;
				ENABLE_TESTABILITY = YES;
				GCC_C_LANGUAGE_STANDARD = gnu11;
				GCC_DYNAMIC_NO_PIC = NO;
				GCC_NO_COMMON_BLOCKS = YES;
				GCC_OPTIMIZATION_LEVEL = 0;
				GCC_PREPROCESSOR_DEFINITIONS = (
					"DEBUG=1",
					"$(inherited)",
				);
				GCC_WARN_64_TO_32_BIT_CONVERSION = YES;
				GCC_WARN_ABOUT_RETURN_TYPE = YES_ERROR;
				GCC_WARN_UNDECLARED_SELECTOR = YES;
				GCC_WARN_UNINITIALIZED_AUTOS = YES_AGGRESSIVE;
				GCC_WARN_UNUSED_FUNCTION = YES;
				GCC_WARN_UNUSED_VARIABLE = YES;
				IPHONEOS_DEPLOYMENT_TARGET = 11.2;
				MTL_ENABLE_DEBUG_INFO = YES;
				ONLY_ACTIVE_ARCH = YES;
				SDKROOT = iphoneos;
				SWIFT_ACTIVE_COMPILATION_CONDITIONS = DEBUG;
				SWIFT_OPTIMIZATION_LEVEL = "-Onone";
			};
			name = Debug;
		};
		B9CFBE7520716A7500E71FCE /* Release */ = {
			isa = XCBuildConfiguration;
			buildSettings = {
				ALWAYS_SEARCH_USER_PATHS = NO;
				CLANG_ANALYZER_NONNULL = YES;
				CLANG_ANALYZER_NUMBER_OBJECT_CONVERSION = YES_AGGRESSIVE;
				CLANG_CXX_LANGUAGE_STANDARD = "gnu++14";
				CLANG_CXX_LIBRARY = "libc++";
				CLANG_ENABLE_MODULES = YES;
				CLANG_ENABLE_OBJC_ARC = YES;
				CLANG_WARN_BLOCK_CAPTURE_AUTORELEASING = YES;
				CLANG_WARN_BOOL_CONVERSION = YES;
				CLANG_WARN_COMMA = YES;
				CLANG_WARN_CONSTANT_CONVERSION = YES;
				CLANG_WARN_DIRECT_OBJC_ISA_USAGE = YES_ERROR;
				CLANG_WARN_DOCUMENTATION_COMMENTS = YES;
				CLANG_WARN_EMPTY_BODY = YES;
				CLANG_WARN_ENUM_CONVERSION = YES;
				CLANG_WARN_INFINITE_RECURSION = YES;
				CLANG_WARN_INT_CONVERSION = YES;
				CLANG_WARN_NON_LITERAL_NULL_CONVERSION = YES;
				CLANG_WARN_OBJC_LITERAL_CONVERSION = YES;
				CLANG_WARN_OBJC_ROOT_CLASS = YES_ERROR;
				CLANG_WARN_RANGE_LOOP_ANALYSIS = YES;
				CLANG_WARN_STRICT_PROTOTYPES = YES;
				CLANG_WARN_SUSPICIOUS_MOVE = YES;
				CLANG_WARN_UNGUARDED_AVAILABILITY = YES_AGGRESSIVE;
				CLANG_WARN_UNREACHABLE_CODE = YES;
				CLANG_WARN__DUPLICATE_METHOD_MATCH = YES;
				CODE_SIGN_IDENTITY = "iPhone Developer";
				COPY_PHASE_STRIP = NO;
				DEBUG_INFORMATION_FORMAT = "dwarf-with-dsym";
				ENABLE_NS_ASSERTIONS = NO;
				ENABLE_STRICT_OBJC_MSGSEND = YES;
				GCC_C_LANGUAGE_STANDARD = gnu11;
				GCC_NO_COMMON_BLOCKS = YES;
				GCC_WARN_64_TO_32_BIT_CONVERSION = YES;
				GCC_WARN_ABOUT_RETURN_TYPE = YES_ERROR;
				GCC_WARN_UNDECLARED_SELECTOR = YES;
				GCC_WARN_UNINITIALIZED_AUTOS = YES_AGGRESSIVE;
				GCC_WARN_UNUSED_FUNCTION = YES;
				GCC_WARN_UNUSED_VARIABLE = YES;
				IPHONEOS_DEPLOYMENT_TARGET = 11.2;
				MTL_ENABLE_DEBUG_INFO = NO;
				SDKROOT = iphoneos;
				SWIFT_OPTIMIZATION_LEVEL = "-Owholemodule";
				VALIDATE_PRODUCT = YES;
			};
			name = Release;
		};
		B9CFBE7720716A7500E71FCE /* Debug */ = {
			isa = XCBuildConfiguration;
			baseConfigurationReference = CB09BEC265A365A0BEEF4249 /* Pods-gotIt.debug.xcconfig */;
			buildSettings = {
				ASSETCATALOG_COMPILER_APPICON_NAME = AppIcon;
				CODE_SIGN_STYLE = Automatic;
				DEVELOPMENT_TEAM = SH634CQJ43;
				INFOPLIST_FILE = gotIt/Info.plist;
				LD_RUNPATH_SEARCH_PATHS = "$(inherited) @executable_path/Frameworks";
				PRODUCT_BUNDLE_IDENTIFIER = mx.hmsa.gotIt;
				PRODUCT_NAME = "$(TARGET_NAME)";
				SWIFT_VERSION = 4.0;
				TARGETED_DEVICE_FAMILY = "1,2";
			};
			name = Debug;
		};
		B9CFBE7820716A7500E71FCE /* Release */ = {
			isa = XCBuildConfiguration;
			baseConfigurationReference = 1D43C83D2F8198011A6028E8 /* Pods-gotIt.release.xcconfig */;
			buildSettings = {
				ASSETCATALOG_COMPILER_APPICON_NAME = AppIcon;
				CODE_SIGN_STYLE = Automatic;
				DEVELOPMENT_TEAM = SH634CQJ43;
				INFOPLIST_FILE = gotIt/Info.plist;
				LD_RUNPATH_SEARCH_PATHS = "$(inherited) @executable_path/Frameworks";
				PRODUCT_BUNDLE_IDENTIFIER = mx.hmsa.gotIt;
				PRODUCT_NAME = "$(TARGET_NAME)";
				SWIFT_VERSION = 4.0;
				TARGETED_DEVICE_FAMILY = "1,2";
			};
			name = Release;
		};
/* End XCBuildConfiguration section */

/* Begin XCConfigurationList section */
		B9CFBE5F20716A7500E71FCE /* Build configuration list for PBXProject "gotIt" */ = {
			isa = XCConfigurationList;
			buildConfigurations = (
				B9CFBE7420716A7500E71FCE /* Debug */,
				B9CFBE7520716A7500E71FCE /* Release */,
			);
			defaultConfigurationIsVisible = 0;
			defaultConfigurationName = Release;
		};
		B9CFBE7620716A7500E71FCE /* Build configuration list for PBXNativeTarget "gotIt" */ = {
			isa = XCConfigurationList;
			buildConfigurations = (
				B9CFBE7720716A7500E71FCE /* Debug */,
				B9CFBE7820716A7500E71FCE /* Release */,
			);
			defaultConfigurationIsVisible = 0;
			defaultConfigurationName = Release;
		};
/* End XCConfigurationList section */
	};
	rootObject = B9CFBE5C20716A7500E71FCE /* Project object */;
}
